<?xml version="1.0" encoding="utf-8"?>
<Project ToolsVersion="4.0" xmlns="http://schemas.microsoft.com/developer/msbuild/2003">
  <ItemGroup>
    <Filter Include="Framework">
      <UniqueIdentifier>{93995380-89BD-4b04-88EB-625FBE52EBFB}</UniqueIdentifier>
      <Extensions>h;hh;hpp;hxx;hm;inl;inc;xsd</Extensions>
    </Filter>
    <Filter Include="Game Object">
      <UniqueIdentifier>{9c9622f0-e8b9-4af8-97c8-7cdfa8b338b3}</UniqueIdentifier>
    </Filter>
    <Filter Include="Framework\Header Files">
      <UniqueIdentifier>{7ceac294-a5c7-433f-a6b3-902d338dbb48}</UniqueIdentifier>
    </Filter>
    <Filter Include="Framework\Source Files">
      <UniqueIdentifier>{4FC737F1-C7A5-4376-A066-2A32D752A2FF}</UniqueIdentifier>
      <Extensions>cpp;c;cc;cxx;def;odl;idl;hpj;bat;asm;asmx</Extensions>
    </Filter>
    <Filter Include="Components">
      <UniqueIdentifier>{30e2e556-f7cf-4691-a143-4f1fcaa83b65}</UniqueIdentifier>
    </Filter>
  </ItemGroup>
  <ItemGroup>
    <ClCompile Include="src\main.cpp" />
    <ClCompile Include="src\component.cpp">
      <Filter>Framework\Source Files</Filter>
    </ClCompile>
    <ClCompile Include="src\game_object.cpp">
      <Filter>Framework\Source Files</Filter>
    </ClCompile>
    <ClCompile Include="src\avancezlib.cpp">
      <Filter>Framework\Source Files</Filter>
    </ClCompile>
  </ItemGroup>
  <ItemGroup>
    <ClInclude Include="src\game_object.h">
      <Filter>Framework\Header Files</Filter>
    </ClInclude>
    <ClInclude Include="src\object_pool.h">
      <Filter>Framework\Header Files</Filter>
    </ClInclude>
    <ClInclude Include="src\avancezlib.h">
      <Filter>Framework\Header Files</Filter>
    </ClInclude>
    <ClInclude Include="src\component.h">
      <Filter>Framework\Header Files</Filter>
    </ClInclude>
    <ClInclude Include="src\gui.h">
      <Filter>Game Object</Filter>
    </ClInclude>
    <ClInclude Include="src\physic.h">
      <Filter>Components</Filter>
    </ClInclude>
    <ClInclude Include="src\tetromino.h">
      <Filter>Game Object</Filter>
    </ClInclude>
    <ClInclude Include="src\game.h">
      <Filter>Game Object</Filter>
    </ClInclude>
    <ClInclude Include="src\generator.h">
      <Filter>Game Object</Filter>
    </ClInclude>
    <ClInclude Include="src\control.h">
      <Filter>Components</Filter>
    </ClInclude>
  </ItemGroup>
</Project>